
Microsoft Visual Studio Solution File, Format Version 11.00
# Visual Studio 2010
Project("{FAE04EC0-301F-11D3-BF4B-00C04F79EFBC}") = "LocationFinderUI", "LocationFinderUI\LocationFinderUI.csproj", "{9CFA0FC9-AC3B-4998-BDE7-9A338EB23571}"
EndProject
Project("{F2A71F9B-5D33-465A-A702-920D77279786}") = "LocationBL", "LocationBL\LocationBL.fsproj", "{D5434708-2131-4E92-854F-7B1836022098}"
EndProject
Global
	GlobalSection(SolutionConfigurationPlatforms) = preSolution
		Debug|Any CPU = Debug|Any CPU
		Release|Any CPU = Release|Any CPU
	EndGlobalSection
	GlobalSection(ProjectConfigurationPlatforms) = postSolution
		{9CFA0FC9-AC3B-4998-BDE7-9A338EB23571}.Debug|Any CPU.ActiveCfg = Debug|Any CPU
		{9CFA0FC9-AC3B-4998-BDE7-9A338EB23571}.Debug|Any CPU.Build.0 = Debug|Any CPU
		{9CFA0FC9-AC3B-4998-BDE7-9A338EB23571}.Debug|Any CPU.Deploy.0 = Debug|Any CPU
		{9CFA0FC9-AC3B-4998-BDE7-9A338EB23571}.Release|Any CPU.ActiveCfg = Release|Any CPU
		{9CFA0FC9-AC3B-4998-BDE7-9A338EB23571}.Release|Any CPU.Build.0 = Release|Any CPU
		{9CFA0FC9-AC3B-4998-BDE7-9A338EB23571}.Release|Any CPU.Deploy.0 = Release|Any CPU
		{D5434708-2131-4E92-854F-7B1836022098}.Debug|Any CPU.ActiveCfg = Debug|Any CPU
		{D5434708-2131-4E92-854F-7B1836022098}.Debug|Any CPU.Build.0 = Debug|Any CPU
		{D5434708-2131-4E92-854F-7B1836022098}.Release|Any CPU.ActiveCfg = Release|Any CPU
		{D5434708-2131-4E92-854F-7B1836022098}.Release|Any CPU.Build.0 = Release|Any CPU
	EndGlobalSection
	GlobalSection(SolutionProperties) = preSolution
		HideSolutionNode = FALSE
	EndGlobalSection
EndGlobal
